// !$*UTF8*$!
{
	archiveVersion = 1;
	classes = {
	};
	objectVersion = 46;
	objects = {

/* Begin PBXBuildFile section */
		23C9763A19508737009219A9 /* Foundation.framework in Frameworks */ = {isa = PBXBuildFile; fileRef = 23C9763919508737009219A9 /* Foundation.framework */; };
		23C9763C19508737009219A9 /* CoreGraphics.framework in Frameworks */ = {isa = PBXBuildFile; fileRef = 23C9763B19508737009219A9 /* CoreGraphics.framework */; };
		23C9763E19508737009219A9 /* UIKit.framework in Frameworks */ = {isa = PBXBuildFile; fileRef = 23C9763D19508737009219A9 /* UIKit.framework */; };
		23C9764419508737009219A9 /* InfoPlist.strings in Resources */ = {isa = PBXBuildFile; fileRef = 23C9764219508737009219A9 /* InfoPlist.strings */; };
		23C9764619508737009219A9 /* main.m in Sources */ = {isa = PBXBuildFile; fileRef = 23C9764519508737009219A9 /* main.m */; };
		23C9764A19508737009219A9 /* JWAppDelegate.m in Sources */ = {isa = PBXBuildFile; fileRef = 23C9764919508737009219A9 /* JWAppDelegate.m */; };
		23C9764C19508737009219A9 /* Images.xcassets in Resources */ = {isa = PBXBuildFile; fileRef = 23C9764B19508737009219A9 /* Images.xcassets */; };
		23C9765319508737009219A9 /* XCTest.framework in Frameworks */ = {isa = PBXBuildFile; fileRef = 23C9765219508737009219A9 /* XCTest.framework */; };
		23C9765419508737009219A9 /* Foundation.framework in Frameworks */ = {isa = PBXBuildFile; fileRef = 23C9763919508737009219A9 /* Foundation.framework */; };
		23C9765519508737009219A9 /* UIKit.framework in Frameworks */ = {isa = PBXBuildFile; fileRef = 23C9763D19508737009219A9 /* UIKit.framework */; };
		23C9765D19508737009219A9 /* InfoPlist.strings in Resources */ = {isa = PBXBuildFile; fileRef = 23C9765B19508737009219A9 /* InfoPlist.strings */; };
		23C9765F19508737009219A9 /* BlogReaderTests.m in Sources */ = {isa = PBXBuildFile; fileRef = 23C9765E19508737009219A9 /* BlogReaderTests.m */; };
		23C976691950878A009219A9 /* Main.storyboard in Resources */ = {isa = PBXBuildFile; fileRef = 23C976681950878A009219A9 /* Main.storyboard */; };
		23C9766C195089A2009219A9 /* JWTableViewController.m in Sources */ = {isa = PBXBuildFile; fileRef = 23C9766B195089A2009219A9 /* JWTableViewController.m */; };
		23C9766F19509D69009219A9 /* JWBlogPost.m in Sources */ = {isa = PBXBuildFile; fileRef = 23C9766E19509D69009219A9 /* JWBlogPost.m */; };
		23C976721950BD47009219A9 /* JWWebViewController.m in Sources */ = {isa = PBXBuildFile; fileRef = 23C976711950BD47009219A9 /* JWWebViewController.m */; };
/* End PBXBuildFile section */

/* Begin PBXContainerItemProxy section */
		23C9765619508737009219A9 /* PBXContainerItemProxy */ = {
			isa = PBXContainerItemProxy;
			containerPortal = 23C9762E19508737009219A9 /* Project object */;
			proxyType = 1;
			remoteGlobalIDString = 23C9763519508737009219A9;
			remoteInfo = BlogReader;
		};
/* End PBXContainerItemProxy section */

/* Begin PBXFileReference section */
		23C9763619508737009219A9 /* BlogReader.app */ = {isa = PBXFileReference; explicitFileType = wrapper.application; includeInIndex = 0; path = BlogReader.app; sourceTree = BUILT_PRODUCTS_DIR; };
		23C9763919508737009219A9 /* Foundation.framework */ = {isa = PBXFileReference; lastKnownFileType = wrapper.framework; name = Foundation.framework; path = System/Library/Frameworks/Foundation.framework; sourceTree = SDKROOT; };
		23C9763B19508737009219A9 /* CoreGraphics.framework */ = {isa = PBXFileReference; lastKnownFileType = wrapper.framework; name = CoreGraphics.framework; path = System/Library/Frameworks/CoreGraphics.framework; sourceTree = SDKROOT; };
		23C9763D19508737009219A9 /* UIKit.framework */ = {isa = PBXFileReference; lastKnownFileType = wrapper.framework; name = UIKit.framework; path = System/Library/Frameworks/UIKit.framework; sourceTree = SDKROOT; };
		23C9764119508737009219A9 /* BlogReader-Info.plist */ = {isa = PBXFileReference; lastKnownFileType = text.plist.xml; path = "BlogReader-Info.plist"; sourceTree = "<group>"; };
		23C9764319508737009219A9 /* en */ = {isa = PBXFileReference; lastKnownFileType = text.plist.strings; name = en; path = en.lproj/InfoPlist.strings; sourceTree = "<group>"; };
		23C9764519508737009219A9 /* main.m */ = {isa = PBXFileReference; lastKnownFileType = sourcecode.c.objc; path = main.m; sourceTree = "<group>"; };
		23C9764719508737009219A9 /* BlogReader-Prefix.pch */ = {isa = PBXFileReference; lastKnownFileType = sourcecode.c.h; path = "BlogReader-Prefix.pch"; sourceTree = "<group>"; };
		23C9764819508737009219A9 /* JWAppDelegate.h */ = {isa = PBXFileReference; lastKnownFileType = sourcecode.c.h; path = JWAppDelegate.h; sourceTree = "<group>"; };
		23C9764919508737009219A9 /* JWAppDelegate.m */ = {isa = PBXFileReference; lastKnownFileType = sourcecode.c.objc; path = JWAppDelegate.m; sourceTree = "<group>"; };
		23C9764B19508737009219A9 /* Images.xcassets */ = {isa = PBXFileReference; lastKnownFileType = folder.assetcatalog; path = Images.xcassets; sourceTree = "<group>"; };
		23C9765119508737009219A9 /* BlogReaderTests.xctest */ = {isa = PBXFileReference; explicitFileType = wrapper.cfbundle; includeInIndex = 0; path = BlogReaderTests.xctest; sourceTree = BUILT_PRODUCTS_DIR; };
		23C9765219508737009219A9 /* XCTest.framework */ = {isa = PBXFileReference; lastKnownFileType = wrapper.framework; name = XCTest.framework; path = Library/Frameworks/XCTest.framework; sourceTree = DEVELOPER_DIR; };
		23C9765A19508737009219A9 /* BlogReaderTests-Info.plist */ = {isa = PBXFileReference; lastKnownFileType = text.plist.xml; path = "BlogReaderTests-Info.plist"; sourceTree = "<group>"; };
		23C9765C19508737009219A9 /* en */ = {isa = PBXFileReference; lastKnownFileType = text.plist.strings; name = en; path = en.lproj/InfoPlist.strings; sourceTree = "<group>"; };
		23C9765E19508737009219A9 /* BlogReaderTests.m */ = {isa = PBXFileReference; lastKnownFileType = sourcecode.c.objc; path = BlogReaderTests.m; sourceTree = "<group>"; };
		23C976681950878A009219A9 /* Main.storyboard */ = {isa = PBXFileReference; fileEncoding = 4; lastKnownFileType = file.storyboard; path = Main.storyboard; sourceTree = "<group>"; };
		23C9766A195089A2009219A9 /* JWTableViewController.h */ = {isa = PBXFileReference; fileEncoding = 4; lastKnownFileType = sourcecode.c.h; path = JWTableViewController.h; sourceTree = "<group>"; };
		23C9766B195089A2009219A9 /* JWTableViewController.m */ = {isa = PBXFileReference; fileEncoding = 4; lastKnownFileType = sourcecode.c.objc; path = JWTableViewController.m; sourceTree = "<group>"; };
		23C9766D19509D69009219A9 /* JWBlogPost.h */ = {isa = PBXFileReference; fileEncoding = 4; lastKnownFileType = sourcecode.c.h; path = JWBlogPost.h; sourceTree = "<group>"; };
		23C9766E19509D69009219A9 /* JWBlogPost.m */ = {isa = PBXFileReference; fileEncoding = 4; lastKnownFileType = sourcecode.c.objc; path = JWBlogPost.m; sourceTree = "<group>"; };
		23C976701950BD47009219A9 /* JWWebViewController.h */ = {isa = PBXFileReference; fileEncoding = 4; lastKnownFileType = sourcecode.c.h; path = JWWebViewController.h; sourceTree = "<group>"; };
		23C976711950BD47009219A9 /* JWWebViewController.m */ = {isa = PBXFileReference; fileEncoding = 4; lastKnownFileType = sourcecode.c.objc; path = JWWebViewController.m; sourceTree = "<group>"; };
/* End PBXFileReference section */

/* Begin PBXFrameworksBuildPhase section */
		23C9763319508737009219A9 /* Frameworks */ = {
			isa = PBXFrameworksBuildPhase;
			buildActionMask = 2147483647;
			files = (
				23C9763C19508737009219A9 /* CoreGraphics.framework in Frameworks */,
				23C9763E19508737009219A9 /* UIKit.framework in Frameworks */,
				23C9763A19508737009219A9 /* Foundation.framework in Frameworks */,
			);
			runOnlyForDeploymentPostprocessing = 0;
		};
		23C9764E19508737009219A9 /* Frameworks */ = {
			isa = PBXFrameworksBuildPhase;
			buildActionMask = 2147483647;
			files = (
				23C9765319508737009219A9 /* XCTest.framework in Frameworks */,
				23C9765519508737009219A9 /* UIKit.framework in Frameworks */,
				23C9765419508737009219A9 /* Foundation.framework in Frameworks */,
			);
			runOnlyForDeploymentPostprocessing = 0;
		};
/* End PBXFrameworksBuildPhase section */

/* Begin PBXGroup section */
		23C9762D19508737009219A9 = {
			isa = PBXGroup;
			children = (
				23C9763F19508737009219A9 /* BlogReader */,
				23C9765819508737009219A9 /* BlogReaderTests */,
				23C9763819508737009219A9 /* Frameworks */,
				23C9763719508737009219A9 /* Products */,
			);
			sourceTree = "<group>";
		};
		23C9763719508737009219A9 /* Products */ = {
			isa = PBXGroup;
			children = (
				23C9763619508737009219A9 /* BlogReader.app */,
				23C9765119508737009219A9 /* BlogReaderTests.xctest */,
			);
			name = Products;
			sourceTree = "<group>";
		};
		23C9763819508737009219A9 /* Frameworks */ = {
			isa = PBXGroup;
			children = (
				23C9763919508737009219A9 /* Foundation.framework */,
				23C9763B19508737009219A9 /* CoreGraphics.framework */,
				23C9763D19508737009219A9 /* UIKit.framework */,
				23C9765219508737009219A9 /* XCTest.framework */,
			);
			name = Frameworks;
			sourceTree = "<group>";
		};
		23C9763F19508737009219A9 /* BlogReader */ = {
			isa = PBXGroup;
			children = (
				23C9764B19508737009219A9 /* Images.xcassets */,
				23C9764019508737009219A9 /* Supporting Files */,
				23C976681950878A009219A9 /* Main.storyboard */,
				23C9766A195089A2009219A9 /* JWTableViewController.h */,
				23C9766B195089A2009219A9 /* JWTableViewController.m */,
				23C9766D19509D69009219A9 /* JWBlogPost.h */,
				23C9766E19509D69009219A9 /* JWBlogPost.m */,
				23C976701950BD47009219A9 /* JWWebViewController.h */,
				23C976711950BD47009219A9 /* JWWebViewController.m */,
			);
			path = BlogReader;
			sourceTree = "<group>";
		};
		23C9764019508737009219A9 /* Supporting Files */ = {
			isa = PBXGroup;
			children = (
				23C9764819508737009219A9 /* JWAppDelegate.h */,
				23C9764919508737009219A9 /* JWAppDelegate.m */,
				23C9764119508737009219A9 /* BlogReader-Info.plist */,
				23C9764219508737009219A9 /* InfoPlist.strings */,
				23C9764519508737009219A9 /* main.m */,
				23C9764719508737009219A9 /* BlogReader-Prefix.pch */,
			);
			name = "Supporting Files";
			sourceTree = "<group>";
		};
		23C9765819508737009219A9 /* BlogReaderTests */ = {
			isa = PBXGroup;
			children = (
				23C9765E19508737009219A9 /* BlogReaderTests.m */,
				23C9765919508737009219A9 /* Supporting Files */,
			);
			path = BlogReaderTests;
			sourceTree = "<group>";
		};
		23C9765919508737009219A9 /* Supporting Files */ = {
			isa = PBXGroup;
			children = (
				23C9765A19508737009219A9 /* BlogReaderTests-Info.plist */,
				23C9765B19508737009219A9 /* InfoPlist.strings */,
			);
			name = "Supporting Files";
			sourceTree = "<group>";
		};
/* End PBXGroup section */

/* Begin PBXNativeTarget section */
		23C9763519508737009219A9 /* BlogReader */ = {
			isa = PBXNativeTarget;
			buildConfigurationList = 23C9766219508737009219A9 /* Build configuration list for PBXNativeTarget "BlogReader" */;
			buildPhases = (
				23C9763219508737009219A9 /* Sources */,
				23C9763319508737009219A9 /* Frameworks */,
				23C9763419508737009219A9 /* Resources */,
			);
			buildRules = (
			);
			dependencies = (
			);
			name = BlogReader;
			productName = BlogReader;
			productReference = 23C9763619508737009219A9 /* BlogReader.app */;
			productType = "com.apple.product-type.application";
		};
		23C9765019508737009219A9 /* BlogReaderTests */ = {
			isa = PBXNativeTarget;
			buildConfigurationList = 23C9766519508737009219A9 /* Build configuration list for PBXNativeTarget "BlogReaderTests" */;
			buildPhases = (
				23C9764D19508737009219A9 /* Sources */,
				23C9764E19508737009219A9 /* Frameworks */,
				23C9764F19508737009219A9 /* Resources */,
			);
			buildRules = (
			);
			dependencies = (
				23C9765719508737009219A9 /* PBXTargetDependency */,
			);
			name = BlogReaderTests;
			productName = BlogReaderTests;
			productReference = 23C9765119508737009219A9 /* BlogReaderTests.xctest */;
			productType = "com.apple.product-type.bundle.unit-test";
		};
/* End PBXNativeTarget section */

/* Begin PBXProject section */
		23C9762E19508737009219A9 /* Project object */ = {
			isa = PBXProject;
			attributes = {
				CLASSPREFIX = JW;
				LastUpgradeCheck = 0510;
				ORGANIZATIONNAME = Jake;
				TargetAttributes = {
					23C9765019508737009219A9 = {
						TestTargetID = 23C9763519508737009219A9;
					};
				};
			};
			buildConfigurationList = 23C9763119508737009219A9 /* Build configuration list for PBXProject "BlogReader" */;
			compatibilityVersion = "Xcode 3.2";
			developmentRegion = English;
			hasScannedForEncodings = 0;
			knownRegions = (
				en,
			);
			mainGroup = 23C9762D19508737009219A9;
			productRefGroup = 23C9763719508737009219A9 /* Products */;
			projectDirPath = "";
			projectRoot = "";
			targets = (
				23C9763519508737009219A9 /* BlogReader */,
				23C9765019508737009219A9 /* BlogReaderTests */,
			);
		};
/* End PBXProject section */

/* Begin PBXResourcesBuildPhase section */
		23C9763419508737009219A9 /* Resources */ = {
			isa = PBXResourcesBuildPhase;
			buildActionMask = 2147483647;
			files = (
				23C976691950878A009219A9 /* Main.storyboard in Resources */,
				23C9764419508737009219A9 /* InfoPlist.strings in Resources */,
				23C9764C19508737009219A9 /* Images.xcassets in Resources */,
			);
			runOnlyForDeploymentPostprocessing = 0;
		};
		23C9764F19508737009219A9 /* Resources */ = {
			isa = PBXResourcesBuildPhase;
			buildActionMask = 2147483647;
			files = (
				23C9765D19508737009219A9 /* InfoPlist.strings in Resources */,
			);
			runOnlyForDeploymentPostprocessing = 0;
		};
/* End PBXResourcesBuildPhase section */

/* Begin PBXSourcesBuildPhase section */
		23C9763219508737009219A9 /* Sources */ = {
			isa = PBXSourcesBuildPhase;
			buildActionMask = 2147483647;
			files = (
				23C9766C195089A2009219A9 /* JWTableViewController.m in Sources */,
				23C9764619508737009219A9 /* main.m in Sources */,
				23C976721950BD47009219A9 /* JWWebViewController.m in Sources */,
				23C9766F19509D69009219A9 /* JWBlogPost.m in Sources */,
				23C9764A19508737009219A9 /* JWAppDelegate.m in Sources */,
			);
			runOnlyForDeploymentPostprocessing = 0;
		};
		23C9764D19508737009219A9 /* Sources */ = {
			isa = PBXSourcesBuildPhase;
			buildActionMask = 2147483647;
			files = (
				23C9765F19508737009219A9 /* BlogReaderTests.m in Sources */,
			);
			runOnlyForDeploymentPostprocessing = 0;
		};
/* End PBXSourcesBuildPhase section */

/* Begin PBXTargetDependency section */
		23C9765719508737009219A9 /* PBXTargetDependency */ = {
			isa = PBXTargetDependency;
			target = 23C9763519508737009219A9 /* BlogReader */;
			targetProxy = 23C9765619508737009219A9 /* PBXContainerItemProxy */;
		};
/* End PBXTargetDependency section */

/* Begin PBXVariantGroup section */
		23C9764219508737009219A9 /* InfoPlist.strings */ = {
			isa = PBXVariantGroup;
			children = (
				23C9764319508737009219A9 /* en */,
			);
			name = InfoPlist.strings;
			sourceTree = "<group>";
		};
		23C9765B19508737009219A9 /* InfoPlist.strings */ = {
			isa = PBXVariantGroup;
			children = (
				23C9765C19508737009219A9 /* en */,
			);
			name = InfoPlist.strings;
			sourceTree = "<group>";
		};
/* End PBXVariantGroup section */

/* Begin XCBuildConfiguration section */
		23C9766019508737009219A9 /* Debug */ = {
			isa = XCBuildConfiguration;
			buildSettings = {
				ALWAYS_SEARCH_USER_PATHS = NO;
				CLANG_CXX_LANGUAGE_STANDARD = "gnu++0x";
				CLANG_CXX_LIBRARY = "libc++";
				CLANG_ENABLE_MODULES = YES;
				CLANG_ENABLE_OBJC_ARC = YES;
				CLANG_WARN_BOOL_CONVERSION = YES;
				CLANG_WARN_CONSTANT_CONVERSION = YES;
				CLANG_WARN_DIRECT_OBJC_ISA_USAGE = YES_ERROR;
				CLANG_WARN_EMPTY_BODY = YES;
				CLANG_WARN_ENUM_CONVERSION = YES;
				CLANG_WARN_INT_CONVERSION = YES;
				CLANG_WARN_OBJC_ROOT_CLASS = YES_ERROR;
				CLANG_WARN__DUPLICATE_METHOD_MATCH = YES;
				"CODE_SIGN_IDENTITY[sdk=iphoneos*]" = "iPhone Developer";
				COPY_PHASE_STRIP = NO;
				GCC_C_LANGUAGE_STANDARD = gnu99;
				GCC_DYNAMIC_NO_PIC = NO;
				GCC_OPTIMIZATION_LEVEL = 0;
				GCC_PREPROCESSOR_DEFINITIONS = (
					"DEBUG=1",
					"$(inherited)",
				);
				GCC_SYMBOLS_PRIVATE_EXTERN = NO;
				GCC_WARN_64_TO_32_BIT_CONVERSION = YES;
				GCC_WARN_ABOUT_RETURN_TYPE = YES_ERROR;
				GCC_WARN_UNDECLARED_SELECTOR = YES;
				GCC_WARN_UNINITIALIZED_AUTOS = YES_AGGRESSIVE;
				GCC_WARN_UNUSED_FUNCTION = YES;
				GCC_WARN_UNUSED_VARIABLE = YES;
				IPHONEOS_DEPLOYMENT_TARGET = 7.1;
				ONLY_ACTIVE_ARCH = YES;
				SDKROOT = iphoneos;
			};
			name = Debug;
		};
		23C9766119508737009219A9 /* Release */ = {
			isa = XCBuildConfiguration;
			buildSettings = {
				ALWAYS_SEARCH_USER_PATHS = NO;
				CLANG_CXX_LANGUAGE_STANDARD = "gnu++0x";
				CLANG_CXX_LIBRARY = "libc++";
				CLANG_ENABLE_MODULES = YES;
				CLANG_ENABLE_OBJC_ARC = YES;
				CLANG_WARN_BOOL_CONVERSION = YES;
				CLANG_WARN_CONSTANT_CONVERSION = YES;
				CLANG_WARN_DIRECT_OBJC_ISA_USAGE = YES_ERROR;
				CLANG_WARN_EMPTY_BODY = YES;
				CLANG_WARN_ENUM_CONVERSION = YES;
				CLANG_WARN_INT_CONVERSION = YES;
				CLANG_WARN_OBJC_ROOT_CLASS = YES_ERROR;
				CLANG_WARN__DUPLICATE_METHOD_MATCH = YES;
				"CODE_SIGN_IDENTITY[sdk=iphoneos*]" = "iPhone Developer";
				COPY_PHASE_STRIP = YES;
				ENABLE_NS_ASSERTIONS = NO;
				GCC_C_LANGUAGE_STANDARD = gnu99;
				GCC_WARN_64_TO_32_BIT_CONVERSION = YES;
				GCC_WARN_ABOUT_RETURN_TYPE = YES_ERROR;
				GCC_WARN_UNDECLARED_SELECTOR = YES;
				GCC_WARN_UNINITIALIZED_AUTOS = YES_AGGRESSIVE;
				GCC_WARN_UNUSED_FUNCTION = YES;
				GCC_WARN_UNUSED_VARIABLE = YES;
				IPHONEOS_DEPLOYMENT_TARGET = 7.1;
				SDKROOT = iphoneos;
				VALIDATE_PRODUCT = YES;
			};
			name = Release;
		};
		23C9766319508737009219A9 /* Debug */ = {
			isa = XCBuildConfiguration;
			buildSettings = {
				ASSETCATALOG_COMPILER_APPICON_NAME = AppIcon;
				ASSETCATALOG_COMPILER_LAUNCHIMAGE_NAME = LaunchImage;
				GCC_PRECOMPILE_PREFIX_HEADER = YES;
				GCC_PREFIX_HEADER = "BlogReader/BlogReader-Prefix.pch";
				INFOPLIST_FILE = "BlogReader/BlogReader-Info.plist";
				PRODUCT_NAME = "$(TARGET_NAME)";
				WRAPPER_EXTENSION = app;
			};
			name = Debug;
		};
		23C9766419508737009219A9 /* Release */ = {
			isa = XCBuildConfiguration;
			buildSettings = {
				ASSETCATALOG_COMPILER_APPICON_NAME = AppIcon;
				ASSETCATALOG_COMPILER_LAUNCHIMAGE_NAME = LaunchImage;
				GCC_PRECOMPILE_PREFIX_HEADER = YES;
				GCC_PREFIX_HEADER = "BlogReader/BlogReader-Prefix.pch";
				INFOPLIST_FILE = "BlogReader/BlogReader-Info.plist";
				PRODUCT_NAME = "$(TARGET_NAME)";
				WRAPPER_EXTENSION = app;
			};
			name = Release;
		};
		23C9766619508737009219A9 /* Debug */ = {
			isa = XCBuildConfiguration;
			buildSettings = {
				BUNDLE_LOADER = "$(BUILT_PRODUCTS_DIR)/BlogReader.app/BlogReader";
				FRAMEWORK_SEARCH_PATHS = (
					"$(SDKROOT)/Developer/Library/Frameworks",
					"$(inherited)",
					"$(DEVELOPER_FRAMEWORKS_DIR)",
				);
				GCC_PRECOMPILE_PREFIX_HEADER = YES;
				GCC_PREFIX_HEADER = "BlogReader/BlogReader-Prefix.pch";
				GCC_PREPROCESSOR_DEFINITIONS = (
					"DEBUG=1",
					"$(inherited)",
				);
				INFOPLIST_FILE = "BlogReaderTests/BlogReaderTests-Info.plist";
				PRODUCT_NAME = "$(TARGET_NAME)";
				TEST_HOST = "$(BUNDLE_LOADER)";
				WRAPPER_EXTENSION = xctest;
			};
			name = Debug;
		};
		23C9766719508737009219A9 /* Release */ = {
			isa = XCBuildConfiguration;
			buildSettings = {
				BUNDLE_LOADER = "$(BUILT_PRODUCTS_DIR)/BlogReader.app/BlogReader";
				FRAMEWORK_SEARCH_PATHS = (
					"$(SDKROOT)/Developer/Library/Frameworks",
					"$(inherited)",
					"$(DEVELOPER_FRAMEWORKS_DIR)",
				);
				GCC_PRECOMPILE_PREFIX_HEADER = YES;
				GCC_PREFIX_HEADER = "BlogReader/BlogReader-Prefix.pch";
				INFOPLIST_FILE = "BlogReaderTests/BlogReaderTests-Info.plist";
				PRODUCT_NAME = "$(TARGET_NAME)";
				TEST_HOST = "$(BUNDLE_LOADER)";
				WRAPPER_EXTENSION = xctest;
			};
			name = Release;
		};
/* End XCBuildConfiguration section */

/* Begin XCConfigurationList section */
		23C9763119508737009219A9 /* Build configuration list for PBXProject "BlogReader" */ = {
			isa = XCConfigurationList;
			buildConfigurations = (
				23C9766019508737009219A9 /* Debug */,
				23C9766119508737009219A9 /* Release */,
			);
			defaultConfigurationIsVisible = 0;
			defaultConfigurationName = Release;
		};
		23C9766219508737009219A9 /* Build configuration list for PBXNativeTarget "BlogReader" */ = {
			isa = XCConfigurationList;
			buildConfigurations = (
				23C9766319508737009219A9 /* Debug */,
				23C9766419508737009219A9 /* Release */,
			);
			defaultConfigurationIsVisible = 0;
		};
		23C9766519508737009219A9 /* Build configuration list for PBXNativeTarget "BlogReaderTests" */ = {
			isa = XCConfigurationList;
			buildConfigurations = (
				23C9766619508737009219A9 /* Debug */,
				23C9766719508737009219A9 /* Release */,
			);
			defaultConfigurationIsVisible = 0;
		};
/* End XCConfigurationList section */
	};
	rootObject = 23C9762E19508737009219A9 /* Project object */;
}
